
Microsoft Visual Studio Solution File, Format Version 12.00
# Visual Studio Version 16
VisualStudioVersion = 16.0.30711.63
MinimumVisualStudioVersion = 10.0.40219.1
Project("{FAE04EC0-301F-11D3-BF4B-00C04F79EFBC}") = "MergeArrays", "MergeArrays\MergeArrays.csproj", "{DBBD2E09-17A8-4300-82FF-BE0015A6BE60}"
EndProject
Global
	GlobalSection(SolutionConfigurationPlatforms) = preSolution
		Debug|Any CPU = Debug|Any CPU
		Release|Any CPU = Release|Any CPU
	EndGlobalSection
	GlobalSection(ProjectConfigurationPlatforms) = postSolution
		{DBBD2E09-17A8-4300-82FF-BE0015A6BE60}.Debug|Any CPU.ActiveCfg = Debug|Any CPU
		{DBBD2E09-17A8-4300-82FF-BE0015A6BE60}.Debug|Any CPU.Build.0 = Debug|Any CPU
		{DBBD2E09-17A8-4300-82FF-BE0015A6BE60}.Release|Any CPU.ActiveCfg = Release|Any CPU
		{DBBD2E09-17A8-4300-82FF-BE0015A6BE60}.Release|Any CPU.Build.0 = Release|Any CPU
	EndGlobalSection
	GlobalSection(SolutionProperties) = preSolution
		HideSolutionNode = FALSE
	EndGlobalSection
	GlobalSection(ExtensibilityGlobals) = postSolution
		SolutionGuid = {257264F0-5F17-4718-B507-4CD79567842F}
	EndGlobalSection
EndGlobal
